
Microsoft Visual Studio Solution File, Format Version 12.00
# Visual Studio Version 16
VisualStudioVersion = 16.0.29411.108
MinimumVisualStudioVersion = 10.0.40219.1
Project("{2150E333-8FDC-42A3-9474-1A3956D46DE8}") = "Database", "Database", "{3F3EAB69-D701-4929-8BF6-7405E62BC589}"
EndProject
Project("{9A19103F-16F7-4668-BE54-9A1E7A4F7556}") = "DaycareSolutionSystem.Database.Entities", "DaycareSolutionSystem.Entities\DaycareSolutionSystem.Database.Entities.csproj", "{3367EF61-8699-49BD-AFFA-1915B6685ED8}"
EndProject
Project("{FAE04EC0-301F-11D3-BF4B-00C04F79EFBC}") = "DaycareSolutionSystem.Database.DataContext", "DaycareSolutionSystem.DataContext\DaycareSolutionSystem.Database.DataContext.csproj", "{BF2D69A8-2A4B-461B-83DA-13A349827BD8}"
EndProject
Project("{FAE04EC0-301F-11D3-BF4B-00C04F79EFBC}") = "DaycareSolutionSystem.Database.Migrator", "DaycareSolutionSystem.Database.Migrator\DaycareSolutionSystem.Database.Migrator.csproj", "{5538F7EC-7FD1-40AE-85A9-0335E5683972}"
EndProject
Global
	GlobalSection(SolutionConfigurationPlatforms) = preSolution
		Debug|Any CPU = Debug|Any CPU
		Release|Any CPU = Release|Any CPU
	EndGlobalSection
	GlobalSection(ProjectConfigurationPlatforms) = postSolution
		{3367EF61-8699-49BD-AFFA-1915B6685ED8}.Debug|Any CPU.ActiveCfg = Debug|Any CPU
		{3367EF61-8699-49BD-AFFA-1915B6685ED8}.Debug|Any CPU.Build.0 = Debug|Any CPU
		{3367EF61-8699-49BD-AFFA-1915B6685ED8}.Release|Any CPU.ActiveCfg = Release|Any CPU
		{3367EF61-8699-49BD-AFFA-1915B6685ED8}.Release|Any CPU.Build.0 = Release|Any CPU
		{BF2D69A8-2A4B-461B-83DA-13A349827BD8}.Debug|Any CPU.ActiveCfg = Debug|Any CPU
		{BF2D69A8-2A4B-461B-83DA-13A349827BD8}.Debug|Any CPU.Build.0 = Debug|Any CPU
		{BF2D69A8-2A4B-461B-83DA-13A349827BD8}.Release|Any CPU.ActiveCfg = Release|Any CPU
		{BF2D69A8-2A4B-461B-83DA-13A349827BD8}.Release|Any CPU.Build.0 = Release|Any CPU
		{5538F7EC-7FD1-40AE-85A9-0335E5683972}.Debug|Any CPU.ActiveCfg = Debug|Any CPU
		{5538F7EC-7FD1-40AE-85A9-0335E5683972}.Debug|Any CPU.Build.0 = Debug|Any CPU
		{5538F7EC-7FD1-40AE-85A9-0335E5683972}.Release|Any CPU.ActiveCfg = Release|Any CPU
		{5538F7EC-7FD1-40AE-85A9-0335E5683972}.Release|Any CPU.Build.0 = Release|Any CPU
	EndGlobalSection
	GlobalSection(SolutionProperties) = preSolution
		HideSolutionNode = FALSE
	EndGlobalSection
	GlobalSection(NestedProjects) = preSolution
		{3367EF61-8699-49BD-AFFA-1915B6685ED8} = {3F3EAB69-D701-4929-8BF6-7405E62BC589}
		{BF2D69A8-2A4B-461B-83DA-13A349827BD8} = {3F3EAB69-D701-4929-8BF6-7405E62BC589}
		{5538F7EC-7FD1-40AE-85A9-0335E5683972} = {3F3EAB69-D701-4929-8BF6-7405E62BC589}
	EndGlobalSection
	GlobalSection(ExtensibilityGlobals) = postSolution
		SolutionGuid = {0AABAE99-4277-4330-AA6D-105CF0F429BB}
	EndGlobalSection
EndGlobal
